
Microsoft Visual Studio Solution File, Format Version 12.00
# Visual Studio Version 17
VisualStudioVersion = 17.0.31903.59
MinimumVisualStudioVersion = 10.0.40219.1
Project("{2150E333-8FDC-42A3-9474-1A3956D46DE8}") = "src", "src", "{3C27E567-7F90-441C-8F2E-104B6DD63B98}"
EndProject
Project("{F2A71F9B-5D33-465A-A702-920D77279786}") = "console1", "src\console1\console1.fsproj", "{1881557C-D594-4B33-B7B4-48ADFD984099}"
EndProject
Project("{FAE04EC0-301F-11D3-BF4B-00C04F79EFBC}") = "library-csharp", "src\library-csharp\library-csharp.csproj", "{92C0B414-FF89-40A0-BD1E-2926F200371D}"
EndProject
Project("{F2A71F9B-5D33-465A-A702-920D77279786}") = "library-fsharp", "src\library-fsharp\library-fsharp.fsproj", "{33431A42-CB39-4AB5-9940-A52C5650B5D1}"
EndProject
Global
	GlobalSection(SolutionConfigurationPlatforms) = preSolution
		Debug|Any CPU = Debug|Any CPU
		Release|Any CPU = Release|Any CPU
	EndGlobalSection
	GlobalSection(SolutionProperties) = preSolution
		HideSolutionNode = FALSE
	EndGlobalSection
	GlobalSection(ProjectConfigurationPlatforms) = postSolution
		{1881557C-D594-4B33-B7B4-48ADFD984099}.Debug|Any CPU.ActiveCfg = Debug|Any CPU
		{1881557C-D594-4B33-B7B4-48ADFD984099}.Debug|Any CPU.Build.0 = Debug|Any CPU
		{1881557C-D594-4B33-B7B4-48ADFD984099}.Release|Any CPU.ActiveCfg = Release|Any CPU
		{1881557C-D594-4B33-B7B4-48ADFD984099}.Release|Any CPU.Build.0 = Release|Any CPU
		{92C0B414-FF89-40A0-BD1E-2926F200371D}.Debug|Any CPU.ActiveCfg = Debug|Any CPU
		{92C0B414-FF89-40A0-BD1E-2926F200371D}.Debug|Any CPU.Build.0 = Debug|Any CPU
		{92C0B414-FF89-40A0-BD1E-2926F200371D}.Release|Any CPU.ActiveCfg = Release|Any CPU
		{92C0B414-FF89-40A0-BD1E-2926F200371D}.Release|Any CPU.Build.0 = Release|Any CPU
		{33431A42-CB39-4AB5-9940-A52C5650B5D1}.Debug|Any CPU.ActiveCfg = Debug|Any CPU
		{33431A42-CB39-4AB5-9940-A52C5650B5D1}.Debug|Any CPU.Build.0 = Debug|Any CPU
		{33431A42-CB39-4AB5-9940-A52C5650B5D1}.Release|Any CPU.ActiveCfg = Release|Any CPU
		{33431A42-CB39-4AB5-9940-A52C5650B5D1}.Release|Any CPU.Build.0 = Release|Any CPU
	EndGlobalSection
	GlobalSection(NestedProjects) = preSolution
		{1881557C-D594-4B33-B7B4-48ADFD984099} = {3C27E567-7F90-441C-8F2E-104B6DD63B98}
		{92C0B414-FF89-40A0-BD1E-2926F200371D} = {3C27E567-7F90-441C-8F2E-104B6DD63B98}
		{33431A42-CB39-4AB5-9940-A52C5650B5D1} = {3C27E567-7F90-441C-8F2E-104B6DD63B98}
	EndGlobalSection
EndGlobal
